
Microsoft Visual Studio Solution File, Format Version 12.00
# Visual Studio 14
VisualStudioVersion = 14.0.25123.0
MinimumVisualStudioVersion = 10.0.40219.1
Project("{FAE04EC0-301F-11D3-BF4B-00C04F79EFBC}") = "Entity", "Entity\Entity.csproj", "{582D63EA-2C13-47A3-B70D-F53CD258BE90}"
EndProject
Project("{FAE04EC0-301F-11D3-BF4B-00C04F79EFBC}") = "DAL", "DAL\DAL.csproj", "{D0C8191E-6B02-4880-A6E2-F689E7EC558A}"
EndProject
Project("{FAE04EC0-301F-11D3-BF4B-00C04F79EFBC}") = "BLL", "BL\BLL.csproj", "{90E2B3AB-DC43-4B7A-8A56-9AEFC2EE4FD7}"
EndProject
Project("{8BB2217D-0F2D-49D1-97BC-3654ED321F3B}") = "WASiGeMun", "WASiGeMun\WASiGeMun.xproj", "{CA7B71CD-1102-42FA-A627-317D56A14819}"
EndProject
Project("{FAE04EC0-301F-11D3-BF4B-00C04F79EFBC}") = "Repositories", "Repositories\Repositories.csproj", "{6096414E-E70B-451E-85B0-EC60AEE0ACDB}"
EndProject
Global
	GlobalSection(SolutionConfigurationPlatforms) = preSolution
		Debug|Any CPU = Debug|Any CPU
		Release|Any CPU = Release|Any CPU
	EndGlobalSection
	GlobalSection(ProjectConfigurationPlatforms) = postSolution
		{582D63EA-2C13-47A3-B70D-F53CD258BE90}.Debug|Any CPU.ActiveCfg = Debug|Any CPU
		{582D63EA-2C13-47A3-B70D-F53CD258BE90}.Debug|Any CPU.Build.0 = Debug|Any CPU
		{582D63EA-2C13-47A3-B70D-F53CD258BE90}.Release|Any CPU.ActiveCfg = Release|Any CPU
		{582D63EA-2C13-47A3-B70D-F53CD258BE90}.Release|Any CPU.Build.0 = Release|Any CPU
		{D0C8191E-6B02-4880-A6E2-F689E7EC558A}.Debug|Any CPU.ActiveCfg = Debug|Any CPU
		{D0C8191E-6B02-4880-A6E2-F689E7EC558A}.Debug|Any CPU.Build.0 = Debug|Any CPU
		{D0C8191E-6B02-4880-A6E2-F689E7EC558A}.Release|Any CPU.ActiveCfg = Release|Any CPU
		{D0C8191E-6B02-4880-A6E2-F689E7EC558A}.Release|Any CPU.Build.0 = Release|Any CPU
		{90E2B3AB-DC43-4B7A-8A56-9AEFC2EE4FD7}.Debug|Any CPU.ActiveCfg = Debug|Any CPU
		{90E2B3AB-DC43-4B7A-8A56-9AEFC2EE4FD7}.Debug|Any CPU.Build.0 = Debug|Any CPU
		{90E2B3AB-DC43-4B7A-8A56-9AEFC2EE4FD7}.Release|Any CPU.ActiveCfg = Release|Any CPU
		{90E2B3AB-DC43-4B7A-8A56-9AEFC2EE4FD7}.Release|Any CPU.Build.0 = Release|Any CPU
		{CA7B71CD-1102-42FA-A627-317D56A14819}.Debug|Any CPU.ActiveCfg = Debug|Any CPU
		{CA7B71CD-1102-42FA-A627-317D56A14819}.Debug|Any CPU.Build.0 = Debug|Any CPU
		{CA7B71CD-1102-42FA-A627-317D56A14819}.Release|Any CPU.ActiveCfg = Release|Any CPU
		{CA7B71CD-1102-42FA-A627-317D56A14819}.Release|Any CPU.Build.0 = Release|Any CPU
		{6096414E-E70B-451E-85B0-EC60AEE0ACDB}.Debug|Any CPU.ActiveCfg = Debug|Any CPU
		{6096414E-E70B-451E-85B0-EC60AEE0ACDB}.Debug|Any CPU.Build.0 = Debug|Any CPU
		{6096414E-E70B-451E-85B0-EC60AEE0ACDB}.Release|Any CPU.ActiveCfg = Release|Any CPU
		{6096414E-E70B-451E-85B0-EC60AEE0ACDB}.Release|Any CPU.Build.0 = Release|Any CPU
	EndGlobalSection
	GlobalSection(SolutionProperties) = preSolution
		HideSolutionNode = FALSE
	EndGlobalSection
EndGlobal
